<?xml version="1.0" encoding="UTF-8"?>
<CodeBlocks_project_file>
	<FileVersion major="1" minor="6"/>
	<Project>
		<Option title="saouLab2"/>
		<Option makefile_is_custom="1"/>
		<Option compiler="gcc"/>
		<Option virtualFolders="CMake Files\;"/>
		<Build>
			<Target title="all">
				<Option working_dir="/home/chillten/CLionProjects/saouLab2"/>
				<Option type="4"/>
				<MakeCommands>
					<Build command="/usr/bin/make -j4 -f &quot;/home/chillten/CLionProjects/saouLab2/Makefile&quot;  VERBOSE=1 all"/>
					<CompileFile command="/usr/bin/make -j4 -f &quot;/home/chillten/CLionProjects/saouLab2/Makefile&quot;  VERBOSE=1 &quot;$file&quot;"/>
					<Clean command="/usr/bin/make -j4 -f &quot;/home/chillten/CLionProjects/saouLab2/Makefile&quot;  VERBOSE=1 clean"/>
					<DistClean command="/usr/bin/make -j4 -f &quot;/home/chillten/CLionProjects/saouLab2/Makefile&quot;  VERBOSE=1 clean"/>
				</MakeCommands>
			</Target>
			<Target title="edit_cache">
				<Option working_dir="/home/chillten/CLionProjects/saouLab2"/>
				<Option type="4"/>
				<MakeCommands>
					<Build command="/usr/bin/make -j4 -f &quot;/home/chillten/CLionProjects/saouLab2/Makefile&quot;  VERBOSE=1 edit_cache"/>
					<CompileFile command="/usr/bin/make -j4 -f &quot;/home/chillten/CLionProjects/saouLab2/Makefile&quot;  VERBOSE=1 &quot;$file&quot;"/>
					<Clean command="/usr/bin/make -j4 -f &quot;/home/chillten/CLionProjects/saouLab2/Makefile&quot;  VERBOSE=1 clean"/>
					<DistClean command="/usr/bin/make -j4 -f &quot;/home/chillten/CLionProjects/saouLab2/Makefile&quot;  VERBOSE=1 clean"/>
				</MakeCommands>
			</Target>
			<Target title="rebuild_cache">
				<Option working_dir="/home/chillten/CLionProjects/saouLab2"/>
				<Option type="4"/>
				<MakeCommands>
					<Build command="/usr/bin/make -j4 -f &quot;/home/chillten/CLionProjects/saouLab2/Makefile&quot;  VERBOSE=1 rebuild_cache"/>
					<CompileFile command="/usr/bin/make -j4 -f &quot;/home/chillten/CLionProjects/saouLab2/Makefile&quot;  VERBOSE=1 &quot;$file&quot;"/>
					<Clean command="/usr/bin/make -j4 -f &quot;/home/chillten/CLionProjects/saouLab2/Makefile&quot;  VERBOSE=1 clean"/>
					<DistClean command="/usr/bin/make -j4 -f &quot;/home/chillten/CLionProjects/saouLab2/Makefile&quot;  VERBOSE=1 clean"/>
				</MakeCommands>
			</Target>
			<Target title="saouLab2">
				<Option output="/home/chillten/CLionProjects/saouLab2/saouLab2" prefix_auto="0" extension_auto="0"/>
				<Option working_dir="/home/chillten/CLionProjects/saouLab2"/>
				<Option object_output="./"/>
				<Option type="1"/>
				<Option compiler="gcc"/>
				<Compiler>
					<Add directory="/usr/lib/gcc/x86_64-linux-gnu/5/include"/>
					<Add directory="/usr/local/include"/>
					<Add directory="/usr/lib/gcc/x86_64-linux-gnu/5/include-fixed"/>
					<Add directory="/usr/include/x86_64-linux-gnu"/>
					<Add directory="/usr/include"/>
					<Add directory="/usr/include/c++/5"/>
					<Add directory="/usr/include/x86_64-linux-gnu/c++/5"/>
					<Add directory="/usr/include/c++/5/backward"/>
				</Compiler>
				<MakeCommands>
					<Build command="/usr/bin/make -j4 -f &quot;/home/chillten/CLionProjects/saouLab2/Makefile&quot;  VERBOSE=1 saouLab2"/>
					<CompileFile command="/usr/bin/make -j4 -f &quot;/home/chillten/CLionProjects/saouLab2/Makefile&quot;  VERBOSE=1 &quot;$file&quot;"/>
					<Clean command="/usr/bin/make -j4 -f &quot;/home/chillten/CLionProjects/saouLab2/Makefile&quot;  VERBOSE=1 clean"/>
					<DistClean command="/usr/bin/make -j4 -f &quot;/home/chillten/CLionProjects/saouLab2/Makefile&quot;  VERBOSE=1 clean"/>
				</MakeCommands>
			</Target>
			<Target title="saouLab2/fast">
				<Option output="/home/chillten/CLionProjects/saouLab2/saouLab2" prefix_auto="0" extension_auto="0"/>
				<Option working_dir="/home/chillten/CLionProjects/saouLab2"/>
				<Option object_output="./"/>
				<Option type="1"/>
				<Option compiler="gcc"/>
				<Compiler>
					<Add directory="/usr/lib/gcc/x86_64-linux-gnu/5/include"/>
					<Add directory="/usr/local/include"/>
					<Add directory="/usr/lib/gcc/x86_64-linux-gnu/5/include-fixed"/>
					<Add directory="/usr/include/x86_64-linux-gnu"/>
					<Add directory="/usr/include"/>
					<Add directory="/usr/include/c++/5"/>
					<Add directory="/usr/include/x86_64-linux-gnu/c++/5"/>
					<Add directory="/usr/include/c++/5/backward"/>
				</Compiler>
				<MakeCommands>
					<Build command="/usr/bin/make -j4 -f &quot;/home/chillten/CLionProjects/saouLab2/Makefile&quot;  VERBOSE=1 saouLab2/fast"/>
					<CompileFile command="/usr/bin/make -j4 -f &quot;/home/chillten/CLionProjects/saouLab2/Makefile&quot;  VERBOSE=1 &quot;$file&quot;"/>
					<Clean command="/usr/bin/make -j4 -f &quot;/home/chillten/CLionProjects/saouLab2/Makefile&quot;  VERBOSE=1 clean"/>
					<DistClean command="/usr/bin/make -j4 -f &quot;/home/chillten/CLionProjects/saouLab2/Makefile&quot;  VERBOSE=1 clean"/>
				</MakeCommands>
			</Target>
		</Build>
		<Unit filename="/home/chillten/CLionProjects/saouLab2/bstree.c">
			<Option target="saouLab2"/>
		</Unit>
		<Unit filename="/home/chillten/CLionProjects/saouLab2/bstree.h">
			<Option target="saouLab2"/>
		</Unit>
		<Unit filename="/home/chillten/CLionProjects/saouLab2/get_time.h">
			<Option target="saouLab2"/>
		</Unit>
		<Unit filename="/home/chillten/CLionProjects/saouLab2/hashtab.c">
			<Option target="saouLab2"/>
		</Unit>
		<Unit filename="/home/chillten/CLionProjects/saouLab2/hashtab.h">
			<Option target="saouLab2"/>
		</Unit>
		<Unit filename="/home/chillten/CLionProjects/saouLab2/main.c">
			<Option target="saouLab2"/>
		</Unit>
		<Unit filename="/home/chillten/CLionProjects/saouLab2/CMakeLists.txt">
			<Option virtualFolder="CMake Files\"/>
		</Unit>
	</Project>
</CodeBlocks_project_file>
